
Microsoft Visual Studio Solution File, Format Version 12.00
# Visual Studio Version 17
VisualStudioVersion = 17.0.31903.59
MinimumVisualStudioVersion = 10.0.40219.1
Project("{FAE04EC0-301F-11D3-BF4B-00C04F79EFBC}") = "Hand2Note.PokerDatabase.CLI", "src\Hand2Note.PokerDatabase.CLI\Hand2Note.PokerDatabase.CLI.csproj", "{B4DC65A0-0F7C-4A14-8CD6-08C0D9784E30}"
EndProject
Project("{2150E333-8FDC-42A3-9474-1A3956D46DE8}") = "tests", "tests", "{E0DF37E4-EC6D-4B8C-B257-6997E06A00F5}"
EndProject
Project("{FAE04EC0-301F-11D3-BF4B-00C04F79EFBC}") = "Hand2Note.PokerDatabase.CLI.Tests", "tests\Hand2Note.PokerDatabase.CLI.Tests\Hand2Note.PokerDatabase.CLI.Tests.csproj", "{7346675B-4D24-4BA3-8B72-95539CBEDC99}"
EndProject
Global
	GlobalSection(SolutionConfigurationPlatforms) = preSolution
		Debug|Any CPU = Debug|Any CPU
		Release|Any CPU = Release|Any CPU
	EndGlobalSection
	GlobalSection(SolutionProperties) = preSolution
		HideSolutionNode = FALSE
	EndGlobalSection
	GlobalSection(ProjectConfigurationPlatforms) = postSolution
		{B4DC65A0-0F7C-4A14-8CD6-08C0D9784E30}.Debug|Any CPU.ActiveCfg = Debug|Any CPU
		{B4DC65A0-0F7C-4A14-8CD6-08C0D9784E30}.Debug|Any CPU.Build.0 = Debug|Any CPU
		{B4DC65A0-0F7C-4A14-8CD6-08C0D9784E30}.Release|Any CPU.ActiveCfg = Release|Any CPU
		{B4DC65A0-0F7C-4A14-8CD6-08C0D9784E30}.Release|Any CPU.Build.0 = Release|Any CPU
		{7346675B-4D24-4BA3-8B72-95539CBEDC99}.Debug|Any CPU.ActiveCfg = Debug|Any CPU
		{7346675B-4D24-4BA3-8B72-95539CBEDC99}.Debug|Any CPU.Build.0 = Debug|Any CPU
		{7346675B-4D24-4BA3-8B72-95539CBEDC99}.Release|Any CPU.ActiveCfg = Release|Any CPU
		{7346675B-4D24-4BA3-8B72-95539CBEDC99}.Release|Any CPU.Build.0 = Release|Any CPU
	EndGlobalSection
	GlobalSection(NestedProjects) = preSolution
		{7346675B-4D24-4BA3-8B72-95539CBEDC99} = {E0DF37E4-EC6D-4B8C-B257-6997E06A00F5}
	EndGlobalSection
EndGlobal
